
Microsoft Visual Studio Solution File, Format Version 12.00
# Visual Studio Version 17
VisualStudioVersion = 17.5.33414.496
MinimumVisualStudioVersion = 10.0.40219.1
Project("{FAE04EC0-301F-11D3-BF4B-00C04F79EFBC}") = "Laba7_tempVar", "Laba7_tempVar\Laba7_tempVar.csproj", "{135FC518-9542-4F36-AB7F-08B969ED76E8}"
EndProject
Global
	GlobalSection(SolutionConfigurationPlatforms) = preSolution
		Debug|Any CPU = Debug|Any CPU
		Release|Any CPU = Release|Any CPU
	EndGlobalSection
	GlobalSection(ProjectConfigurationPlatforms) = postSolution
		{135FC518-9542-4F36-AB7F-08B969ED76E8}.Debug|Any CPU.ActiveCfg = Debug|Any CPU
		{135FC518-9542-4F36-AB7F-08B969ED76E8}.Debug|Any CPU.Build.0 = Debug|Any CPU
		{135FC518-9542-4F36-AB7F-08B969ED76E8}.Release|Any CPU.ActiveCfg = Release|Any CPU
		{135FC518-9542-4F36-AB7F-08B969ED76E8}.Release|Any CPU.Build.0 = Release|Any CPU
	EndGlobalSection
	GlobalSection(SolutionProperties) = preSolution
		HideSolutionNode = FALSE
	EndGlobalSection
	GlobalSection(ExtensibilityGlobals) = postSolution
		SolutionGuid = {B09D3FC4-F433-402A-ABAB-10B86674583B}
	EndGlobalSection
EndGlobal
