
Microsoft Visual Studio Solution File, Format Version 12.00
# Visual Studio Version 17
VisualStudioVersion = 17.5.33414.496
MinimumVisualStudioVersion = 10.0.40219.1
Project("{FAE04EC0-301F-11D3-BF4B-00C04F79EFBC}") = "l2", "l2.csproj", "{CA8C654A-8875-40B1-ADDE-4866904F0443}"
EndProject
Global
	GlobalSection(SolutionConfigurationPlatforms) = preSolution
		Debug|Any CPU = Debug|Any CPU
		Release|Any CPU = Release|Any CPU
	EndGlobalSection
	GlobalSection(ProjectConfigurationPlatforms) = postSolution
		{CA8C654A-8875-40B1-ADDE-4866904F0443}.Debug|Any CPU.ActiveCfg = Debug|Any CPU
		{CA8C654A-8875-40B1-ADDE-4866904F0443}.Debug|Any CPU.Build.0 = Debug|Any CPU
		{CA8C654A-8875-40B1-ADDE-4866904F0443}.Release|Any CPU.ActiveCfg = Release|Any CPU
		{CA8C654A-8875-40B1-ADDE-4866904F0443}.Release|Any CPU.Build.0 = Release|Any CPU
	EndGlobalSection
	GlobalSection(SolutionProperties) = preSolution
		HideSolutionNode = FALSE
	EndGlobalSection
	GlobalSection(ExtensibilityGlobals) = postSolution
		SolutionGuid = {B6E73A10-5C6C-4E1E-A438-0594A035E7EC}
	EndGlobalSection
EndGlobal
